
Microsoft Visual Studio Solution File, Format Version 12.00
# Visual Studio Version 17
VisualStudioVersion = 17.4.33205.214
MinimumVisualStudioVersion = 10.0.40219.1
Project("{FAE04EC0-301F-11D3-BF4B-00C04F79EFBC}") = "WCF_Chat", "WCF_Chat\WCF_Chat.csproj", "{05D95B14-3D8A-4975-8331-8680D5ADAA50}"
EndProject
Project("{FAE04EC0-301F-11D3-BF4B-00C04F79EFBC}") = "ChatHost", "ChatHost\ChatHost.csproj", "{5CADD0EE-5CC3-4754-A045-FC10E043E7F7}"
EndProject
Project("{FAE04EC0-301F-11D3-BF4B-00C04F79EFBC}") = "ChatClient", "ChatClient\ChatClient.csproj", "{7344BB7E-A28A-42A7-94B7-5BDA887B199C}"
EndProject
Global
	GlobalSection(SolutionConfigurationPlatforms) = preSolution
		Debug|Any CPU = Debug|Any CPU
		Release|Any CPU = Release|Any CPU
	EndGlobalSection
	GlobalSection(ProjectConfigurationPlatforms) = postSolution
		{05D95B14-3D8A-4975-8331-8680D5ADAA50}.Debug|Any CPU.ActiveCfg = Debug|Any CPU
		{05D95B14-3D8A-4975-8331-8680D5ADAA50}.Debug|Any CPU.Build.0 = Debug|Any CPU
		{05D95B14-3D8A-4975-8331-8680D5ADAA50}.Release|Any CPU.ActiveCfg = Release|Any CPU
		{05D95B14-3D8A-4975-8331-8680D5ADAA50}.Release|Any CPU.Build.0 = Release|Any CPU
		{5CADD0EE-5CC3-4754-A045-FC10E043E7F7}.Debug|Any CPU.ActiveCfg = Debug|Any CPU
		{5CADD0EE-5CC3-4754-A045-FC10E043E7F7}.Debug|Any CPU.Build.0 = Debug|Any CPU
		{5CADD0EE-5CC3-4754-A045-FC10E043E7F7}.Release|Any CPU.ActiveCfg = Release|Any CPU
		{5CADD0EE-5CC3-4754-A045-FC10E043E7F7}.Release|Any CPU.Build.0 = Release|Any CPU
		{7344BB7E-A28A-42A7-94B7-5BDA887B199C}.Debug|Any CPU.ActiveCfg = Debug|Any CPU
		{7344BB7E-A28A-42A7-94B7-5BDA887B199C}.Debug|Any CPU.Build.0 = Debug|Any CPU
		{7344BB7E-A28A-42A7-94B7-5BDA887B199C}.Release|Any CPU.ActiveCfg = Release|Any CPU
		{7344BB7E-A28A-42A7-94B7-5BDA887B199C}.Release|Any CPU.Build.0 = Release|Any CPU
	EndGlobalSection
	GlobalSection(SolutionProperties) = preSolution
		HideSolutionNode = FALSE
	EndGlobalSection
	GlobalSection(ExtensibilityGlobals) = postSolution
		SolutionGuid = {25AAAEF7-BB3F-4538-9354-0980B64538CA}
	EndGlobalSection
EndGlobal
